version = 1
revision = 3
requires-python = ">=3.14"

[[package]]
name = "example-dep-repo"
version = "0.1.0"
source = { virtual = "." }
dependencies = [
    { name = "polars" },
    { name = "pycurl" },
    { name = "pydantic" },
]

[package.metadata]
requires-dist = [
    { name = "polars", specifier = ">=1.40.1" },
    { name = "pycurl", specifier = ">=7.46.0" },
    { name = "pydantic", specifier = "===1.10.14" },
]

[[package]]
name = "polars"
version = "1.40.1"
source = { registry = "https://pypi.org/simple" }
dependencies = [
    { name = "polars-runtime-32" },
]
sdist = { url = "https://files.pythonhosted.org/packages/b3/8c/bc9bc948058348ed43117cecc3007cd608f395915dae8a00974579a5dab1/polars-1.40.1.tar.gz", hash = "sha256:ab2694134b137596b5a59bfd7b4c54ebbc9b59f9403127f18e32d363777552e8", size = 733574, upload-time = "2026-04-22T19:15:55.507Z" }
wheels = [
    { url = "https://files.pythonhosted.org/packages/ea/91/74fc60d94488685a92ac9d49d7ec55f3e91fe9b77942a6235a5fa7f249c3/polars-1.40.1-py3-none-any.whl", hash = "sha256:c0f861219d1319cdea45c4ce4d30355a47176b8f98dcedf95ea8269f131b8abd", size = 828723, upload-time = "2026-04-22T19:14:25.452Z" },
]

[[package]]
name = "polars-runtime-32"
version = "1.40.1"
source = { registry = "https://pypi.org/simple" }
sdist = { url = "https://files.pythonhosted.org/packages/54/ba/26d40f039be9f552b5fd7365a621bdfc0f8e912ef77094ae4693491b0bae/polars_runtime_32-1.40.1.tar.gz", hash = "sha256:37f3065615d1bf90d03b5326222df4c5c1f8a5d33e50470aa588e3465e6eb814", size = 2935843, upload-time = "2026-04-22T19:15:57.26Z" }
wheels = [
    { url = "https://files.pythonhosted.org/packages/7d/46/22c8af5eed68ac2eeb556e0fa3ca8a7b798e984ceff4450888f3b5ac61fd/polars_runtime_32-1.40.1-cp310-abi3-macosx_10_12_x86_64.whl", hash = "sha256:b748ef652270cc49e9e69f99a035e0eb4d5f856d42bcd6ac4d9d80a40142aa1e", size = 52098755, upload-time = "2026-04-22T19:14:28.555Z" },
    { url = "https://files.pythonhosted.org/packages/c6/3e/48599a38009ca60ff82a6f38c8a621ce3c0286aa7397c7d79e741bd9060e/polars_runtime_32-1.40.1-cp310-abi3-macosx_11_0_arm64.whl", hash = "sha256:d249b3743e05986060cec0a7aaa542d020df6c6b876e556023a310efd581f9be", size = 46367542, upload-time = "2026-04-22T19:14:32.433Z" },
    { url = "https://files.pythonhosted.org/packages/43/e9/384bc069367a1a36ee31c13782c178dbd039b2b873b772d4a0fc23a2373d/polars_runtime_32-1.40.1-cp310-abi3-manylinux_2_17_aarch64.manylinux2014_aarch64.whl", hash = "sha256:5987b30e7aa1059d069498496e8dda35afd592b0ac3d46ed87e3ff8df1ad652c", size = 50252104, upload-time = "2026-04-22T19:14:35.945Z" },
    { url = "https://files.pythonhosted.org/packages/15/ef/7d57ceb0651af74194e97ed6583e148d352f03d696090221b8059cdfc90b/polars_runtime_32-1.40.1-cp310-abi3-manylinux_2_17_x86_64.manylinux2014_x86_64.whl", hash = "sha256:8d7f42a8b3f16fc66002cc0f6516f7dd7653396886ae0ed362ab95c0b3408b59", size = 56250788, upload-time = "2026-04-22T19:14:39.743Z" },
    { url = "https://files.pythonhosted.org/packages/10/0f/e4b3ffc748827a14a474ec9c42e45c066050e440fec57e914091d9adda75/polars_runtime_32-1.40.1-cp310-abi3-musllinux_1_2_aarch64.whl", hash = "sha256:e5f7becc237a7ec9d9a10878dc8e54b73bbf4e2d94a2991c37d7a0b38590d8f9", size = 50432590, upload-time = "2026-04-22T19:14:43.388Z" },
    { url = "https://files.pythonhosted.org/packages/d9/0b/b8d95fbed869fa4caabe9c400e4210374913b376e925e96fdcfa9be6416b/polars_runtime_32-1.40.1-cp310-abi3-musllinux_1_2_x86_64.whl", hash = "sha256:992d14cf191dde043d36fbdbc98a65e43fbc7e9a5024cecd45f838ac4988c1ee", size = 54155564, upload-time = "2026-04-22T19:14:47.239Z" },
    { url = "https://files.pythonhosted.org/packages/06/d9/d091d8fb5cbed5e9536adfed955c4c89987a4cc3b8e73ae4532402b91c74/polars_runtime_32-1.40.1-cp310-abi3-win_amd64.whl", hash = "sha256:f78bb2abd00101cbb23cc0cb068f7e36e081057a15d2ec2dde3dda280709f030", size = 51829755, upload-time = "2026-04-22T19:14:50.85Z" },
    { url = "https://files.pythonhosted.org/packages/65/ad/b33c3022a394f3eb55c3310597cec615412a8a33880055eee191d154a628/polars_runtime_32-1.40.1-cp310-abi3-win_arm64.whl", hash = "sha256:b5cbfaf6b085b420b4bfcbe24e8f665076d1cccfdb80c0484c02a023ce205537", size = 45822104, upload-time = "2026-04-22T19:14:54.192Z" },
]

[[package]]
name = "pycurl"
version = "7.46.0"
source = { registry = "https://pypi.org/simple" }
sdist = { url = "https://files.pythonhosted.org/packages/95/23/cc07b16591af8ca373494d29aafc8df13e547077579e6779bb865a3f5a7f/pycurl-7.46.0.tar.gz", hash = "sha256:422ed7005b98768fe60fe6b6cb8bb6a4e1fc18b5433402e8fbdaba91811c4604", size = 284697, upload-time = "2026-04-30T03:13:56.309Z" }
wheels = [
    { url = "https://files.pythonhosted.org/packages/86/56/b8ddf7648cbb41c1234b65aca81fbd103745590ba2170413f6b741289e70/pycurl-7.46.0-cp314-cp314-macosx_10_15_x86_64.whl", hash = "sha256:8c550fbcb8b420e2934bf544bb4b68b397a043670c7e451d0590605e932a7538", size = 3669727, upload-time = "2026-04-30T03:13:29.938Z" },
    { url = "https://files.pythonhosted.org/packages/1a/c2/4d5eaae26e17a271d8e5f0b3c95707055ec5b8e63f13bbf37ab93fbb98e5/pycurl-7.46.0-cp314-cp314-macosx_11_0_arm64.whl", hash = "sha256:c9543d1b36d25cd3ab307282014b12d96a1dd414a736789fc1333641d37fcf4e", size = 3754257, upload-time = "2026-04-30T03:13:32.01Z" },
    { url = "https://files.pythonhosted.org/packages/b3/88/f0031c6971966813c8876750aebc6a8f2b1c1dc3f2b4799cc9616f9319a0/pycurl-7.46.0-cp314-cp314-manylinux_2_28_aarch64.whl", hash = "sha256:91a9191a817680827a27f7f22ebe0d0dff7b721c3839d90d94f9be8b657e8f48", size = 5392104, upload-time = "2026-04-30T03:13:33.904Z" },
    { url = "https://files.pythonhosted.org/packages/d0/b3/56a32607c7c87049e55ee2f3ba307035952c4d7f7d0a505f4dd7971a3433/pycurl-7.46.0-cp314-cp314-manylinux_2_28_x86_64.whl", hash = "sha256:a956d8cb66d0e428f6db34709ee2fe3009bbca638bd988ffe0c2e7b89ec5cf45", size = 5090213, upload-time = "2026-04-30T03:13:35.472Z" },
    { url = "https://files.pythonhosted.org/packages/6e/b8/bb5e4bed803fe991a87f990fc0289a46316c8bcdfc8ad8078eb338680d60/pycurl-7.46.0-cp314-cp314-win32.whl", hash = "sha256:135e4cd45f5412276b2fe23a2fbe772239a6c84685531e10c36a9b3c36b66fac", size = 2904353, upload-time = "2026-04-30T03:13:37.504Z" },
    { url = "https://files.pythonhosted.org/packages/2e/2a/0f71f9410f6a68ac4dc9993ae83b62cb5ea6a6382dbfdfaf3cf252ef2271/pycurl-7.46.0-cp314-cp314-win_amd64.whl", hash = "sha256:d9e8dd2975bc1a116618807ee040862a342593af28254c4cf4f8e7a450f73b3b", size = 3501791, upload-time = "2026-04-30T03:13:39.281Z" },
    { url = "https://files.pythonhosted.org/packages/e1/ed/7967fc6856cc0d8ac5576ff25f8cf04099cc21d56faf29c4b309546b9621/pycurl-7.46.0-cp314-cp314-win_arm64.whl", hash = "sha256:aa3fd3d61ce88430a5736664c60fddbc1ad6e205e6dfa660656ce460010c4b68", size = 3680641, upload-time = "2026-04-30T03:13:40.88Z" },
    { url = "https://files.pythonhosted.org/packages/a9/e1/d5057dc76527505934491408db79f8f129735c42b959bbfd78627e907b31/pycurl-7.46.0-cp314-cp314t-macosx_10_15_x86_64.whl", hash = "sha256:ff8ab2187bdb567f6e12cacc801767d2db4ae9e11462324881ed30aa20b7fbce", size = 3673677, upload-time = "2026-04-30T03:13:42.932Z" },
    { url = "https://files.pythonhosted.org/packages/d4/c4/6020bcaa08b5510090f79b3f0a9f42a033adf1a837ef92170b8c40eb37f4/pycurl-7.46.0-cp314-cp314t-macosx_11_0_arm64.whl", hash = "sha256:67ac5ccf58fa86dca672a5329fd71b9a1e8ac76fbf419b6f04a2b986deb24ca8", size = 3757650, upload-time = "2026-04-30T03:13:44.827Z" },
    { url = "https://files.pythonhosted.org/packages/15/08/6e89859236b6eb541fa80e9a77f1bcd726b6bee6f82677e07bfdf8687c8d/pycurl-7.46.0-cp314-cp314t-manylinux_2_28_aarch64.whl", hash = "sha256:daf8d0b9aa7828e0df8cf970d409aef689924a30cb4bc16b7ee62988b6ea4b30", size = 5476314, upload-time = "2026-04-30T03:13:46.934Z" },
    { url = "https://files.pythonhosted.org/packages/e8/59/48f7516dbf283fd244bdc8fdf9bc014b6191a257f891f1537d6add823fbd/pycurl-7.46.0-cp314-cp314t-manylinux_2_28_x86_64.whl", hash = "sha256:6a498e171b7a3cf2a6e92588e047aa6c58d2894b62f5df24b8f0af02f6d1d8b1", size = 5166833, upload-time = "2026-04-30T03:13:48.99Z" },
    { url = "https://files.pythonhosted.org/packages/b8/ef/af3510fe72cef867075f8abbce09623f5a154bef877503e9e6f9685f11e7/pycurl-7.46.0-cp314-cp314t-win32.whl", hash = "sha256:923318d2fe6010f67dcfe7c3d477b6ee7f3bf6a50f125bc84c7127e51fd4ffc9", size = 2913532, upload-time = "2026-04-30T03:13:50.843Z" },
    { url = "https://files.pythonhosted.org/packages/40/d9/2fa92f86285fbd6498ac35dfebedaaf1d51fddabb4d766d9d31c99bd3576/pycurl-7.46.0-cp314-cp314t-win_amd64.whl", hash = "sha256:3cb3cf96ccceff6e694b04134ce97e9b8cc9f4e4edfa1b5d0be68d30747c8e93", size = 3514989, upload-time = "2026-04-30T03:13:53.041Z" },
    { url = "https://files.pythonhosted.org/packages/66/ff/17eee2de079a377b3ce07cfb9323b875c6708b7eee087e88cc0fc420f4ff/pycurl-7.46.0-cp314-cp314t-win_arm64.whl", hash = "sha256:a80797ef6e3879a16c53f29280f7662c22a927be6ba8bf81d24ba02ec8239fbe", size = 3684866, upload-time = "2026-04-30T03:13:54.856Z" },
]

[[package]]
name = "pydantic"
version = "1.10.14"
source = { registry = "https://pypi.org/simple" }
dependencies = [
    { name = "typing-extensions" },
]
sdist = { url = "https://files.pythonhosted.org/packages/df/ab/67eda485b025e9253cce0eaede9b6158a08f62af7013a883b2c8775917b2/pydantic-1.10.14.tar.gz", hash = "sha256:46f17b832fe27de7850896f3afee50ea682220dd218f7e9c88d436788419dca6", size = 349141, upload-time = "2024-01-19T16:35:10.721Z" }
wheels = [
    { url = "https://files.pythonhosted.org/packages/b6/5d/4ec16c2158b934ce2b082073cea5e90bbdb76172050dc565425a0a76beec/pydantic-1.10.14-py3-none-any.whl", hash = "sha256:8ee853cd12ac2ddbf0ecbac1c289f95882b2d4482258048079d13be700aa114c", size = 158858, upload-time = "2024-01-19T16:35:08.437Z" },
]

[[package]]
name = "typing-extensions"
version = "4.15.0"
source = { registry = "https://pypi.org/simple" }
sdist = { url = "https://files.pythonhosted.org/packages/72/94/1a15dd82efb362ac84269196e94cf00f187f7ed21c242792a923cdb1c61f/typing_extensions-4.15.0.tar.gz", hash = "sha256:0cea48d173cc12fa28ecabc3b837ea3cf6f38c6d1136f85cbaaf598984861466", size = 109391, upload-time = "2025-08-25T13:49:26.313Z" }
wheels = [
    { url = "https://files.pythonhosted.org/packages/18/67/36e9267722cc04a6b9f15c7f3441c2363321a3ea07da7ae0c0707beb2a9c/typing_extensions-4.15.0-py3-none-any.whl", hash = "sha256:f0fa19c6845758ab08074a0cfa8b7aecb71c999ca73d62883bc25cc018c4e548", size = 44614, upload-time = "2025-08-25T13:49:24.86Z" },
]
